
Microsoft Visual Studio Solution File, Format Version 12.00
# Visual Studio Version 17
VisualStudioVersion = 17.9.34616.47
MinimumVisualStudioVersion = 10.0.40219.1
Project("{9A19103F-16F7-4668-BE54-9A1E7A4F7556}") = "Lab4.1", "Lab4.1.csproj", "{01EA55BC-88A1-4DFF-B4C8-8753BC924F64}"
EndProject
Project("{FAE04EC0-301F-11D3-BF4B-00C04F79EFBC}") = "Lab4.2", "..\Lab4.2\Lab4.2.csproj", "{0B92B477-813F-45F2-8E5D-E5E4319EDEA6}"
EndProject
Project("{FAE04EC0-301F-11D3-BF4B-00C04F79EFBC}") = "Lab4.3", "..\Lab4.3\Lab4.3.csproj", "{93ADA85D-79A6-49FD-A195-77AAA4569EA6}"
EndProject
Project("{FAE04EC0-301F-11D3-BF4B-00C04F79EFBC}") = "Lab4.4", "..\Lab4.4\Lab4.4.csproj", "{E4493EF4-BFC4-44CC-B112-A2CFDE6F1CB2}"
EndProject
Project("{FAE04EC0-301F-11D3-BF4B-00C04F79EFBC}") = "Lab4.5", "..\Lab4.5\Lab4.5.csproj", "{AF3C1073-0A69-4968-8994-677B994A83E6}"
EndProject
Global
	GlobalSection(SolutionConfigurationPlatforms) = preSolution
		Debug|Any CPU = Debug|Any CPU
		Release|Any CPU = Release|Any CPU
	EndGlobalSection
	GlobalSection(ProjectConfigurationPlatforms) = postSolution
		{01EA55BC-88A1-4DFF-B4C8-8753BC924F64}.Debug|Any CPU.ActiveCfg = Debug|Any CPU
		{01EA55BC-88A1-4DFF-B4C8-8753BC924F64}.Debug|Any CPU.Build.0 = Debug|Any CPU
		{01EA55BC-88A1-4DFF-B4C8-8753BC924F64}.Release|Any CPU.ActiveCfg = Release|Any CPU
		{01EA55BC-88A1-4DFF-B4C8-8753BC924F64}.Release|Any CPU.Build.0 = Release|Any CPU
		{0B92B477-813F-45F2-8E5D-E5E4319EDEA6}.Debug|Any CPU.ActiveCfg = Debug|Any CPU
		{0B92B477-813F-45F2-8E5D-E5E4319EDEA6}.Debug|Any CPU.Build.0 = Debug|Any CPU
		{0B92B477-813F-45F2-8E5D-E5E4319EDEA6}.Release|Any CPU.ActiveCfg = Release|Any CPU
		{0B92B477-813F-45F2-8E5D-E5E4319EDEA6}.Release|Any CPU.Build.0 = Release|Any CPU
		{93ADA85D-79A6-49FD-A195-77AAA4569EA6}.Debug|Any CPU.ActiveCfg = Debug|Any CPU
		{93ADA85D-79A6-49FD-A195-77AAA4569EA6}.Debug|Any CPU.Build.0 = Debug|Any CPU
		{93ADA85D-79A6-49FD-A195-77AAA4569EA6}.Release|Any CPU.ActiveCfg = Release|Any CPU
		{93ADA85D-79A6-49FD-A195-77AAA4569EA6}.Release|Any CPU.Build.0 = Release|Any CPU
		{E4493EF4-BFC4-44CC-B112-A2CFDE6F1CB2}.Debug|Any CPU.ActiveCfg = Debug|Any CPU
		{E4493EF4-BFC4-44CC-B112-A2CFDE6F1CB2}.Debug|Any CPU.Build.0 = Debug|Any CPU
		{E4493EF4-BFC4-44CC-B112-A2CFDE6F1CB2}.Release|Any CPU.ActiveCfg = Release|Any CPU
		{E4493EF4-BFC4-44CC-B112-A2CFDE6F1CB2}.Release|Any CPU.Build.0 = Release|Any CPU
		{AF3C1073-0A69-4968-8994-677B994A83E6}.Debug|Any CPU.ActiveCfg = Debug|Any CPU
		{AF3C1073-0A69-4968-8994-677B994A83E6}.Debug|Any CPU.Build.0 = Debug|Any CPU
		{AF3C1073-0A69-4968-8994-677B994A83E6}.Release|Any CPU.ActiveCfg = Release|Any CPU
		{AF3C1073-0A69-4968-8994-677B994A83E6}.Release|Any CPU.Build.0 = Release|Any CPU
	EndGlobalSection
	GlobalSection(SolutionProperties) = preSolution
		HideSolutionNode = FALSE
	EndGlobalSection
	GlobalSection(ExtensibilityGlobals) = postSolution
		SolutionGuid = {5D4276F5-9E7B-428F-982A-E01D2D984529}
	EndGlobalSection
EndGlobal
